
Microsoft Visual Studio Solution File, Format Version 12.00
# Visual Studio 15
VisualStudioVersion = 15.0.27130.2036
MinimumVisualStudioVersion = 10.0.40219.1
Project("{FAE04EC0-301F-11D3-BF4B-00C04F79EFBC}") = "Project.Tests", "Project.Tests\Project.Tests.csproj", "{C941D784-65C7-4004-B7F4-3EA09C93E86D}"
	ProjectSection(ProjectDependencies) = postProject
		{DDB3103D-D5F5-47D6-99B3-0BD5CD89FD52} = {DDB3103D-D5F5-47D6-99B3-0BD5CD89FD52}
		{BDFF1A78-20BA-4BC5-8ACD-23E158A0A6D2} = {BDFF1A78-20BA-4BC5-8ACD-23E158A0A6D2}
		{AF8E5096-8348-41CD-AAE3-53D58E642244} = {AF8E5096-8348-41CD-AAE3-53D58E642244}
		{F6D996D7-E458-41C3-A096-4D3CC8ACCEF3} = {F6D996D7-E458-41C3-A096-4D3CC8ACCEF3}
		{CDE96FF1-683C-4AE0-870B-DEDDBA6D3EAA} = {CDE96FF1-683C-4AE0-870B-DEDDBA6D3EAA}
	EndProjectSection
EndProject
Project("{FAE04EC0-301F-11D3-BF4B-00C04F79EFBC}") = "Project.Application", "Project.Application\Project.Application.csproj", "{BDFF1A78-20BA-4BC5-8ACD-23E158A0A6D2}"
	ProjectSection(ProjectDependencies) = postProject
		{F6D996D7-E458-41C3-A096-4D3CC8ACCEF3} = {F6D996D7-E458-41C3-A096-4D3CC8ACCEF3}
		{CDE96FF1-683C-4AE0-870B-DEDDBA6D3EAA} = {CDE96FF1-683C-4AE0-870B-DEDDBA6D3EAA}
	EndProjectSection
EndProject
Project("{FAE04EC0-301F-11D3-BF4B-00C04F79EFBC}") = "Project.Domain", "Project.Domain\Project.Domain.csproj", "{F6D996D7-E458-41C3-A096-4D3CC8ACCEF3}"
	ProjectSection(ProjectDependencies) = postProject
		{DDB3103D-D5F5-47D6-99B3-0BD5CD89FD52} = {DDB3103D-D5F5-47D6-99B3-0BD5CD89FD52}
		{CDE96FF1-683C-4AE0-870B-DEDDBA6D3EAA} = {CDE96FF1-683C-4AE0-870B-DEDDBA6D3EAA}
	EndProjectSection
EndProject
Project("{FAE04EC0-301F-11D3-BF4B-00C04F79EFBC}") = "Project.Entities", "Project.Entities\Project.Entities.csproj", "{CDE96FF1-683C-4AE0-870B-DEDDBA6D3EAA}"
EndProject
Project("{FAE04EC0-301F-11D3-BF4B-00C04F79EFBC}") = "Project.Repositories", "Project.Repositories\Project.Repositories.csproj", "{DDB3103D-D5F5-47D6-99B3-0BD5CD89FD52}"
	ProjectSection(ProjectDependencies) = postProject
		{CDE96FF1-683C-4AE0-870B-DEDDBA6D3EAA} = {CDE96FF1-683C-4AE0-870B-DEDDBA6D3EAA}
	EndProjectSection
EndProject
Project("{FAE04EC0-301F-11D3-BF4B-00C04F79EFBC}") = "Project.Infraestructure", "Project.Infraestructure\Project.Infraestructure.csproj", "{AF8E5096-8348-41CD-AAE3-53D58E642244}"
	ProjectSection(ProjectDependencies) = postProject
		{DDB3103D-D5F5-47D6-99B3-0BD5CD89FD52} = {DDB3103D-D5F5-47D6-99B3-0BD5CD89FD52}
		{CDE96FF1-683C-4AE0-870B-DEDDBA6D3EAA} = {CDE96FF1-683C-4AE0-870B-DEDDBA6D3EAA}
	EndProjectSection
EndProject
Project("{FAE04EC0-301F-11D3-BF4B-00C04F79EFBC}") = "Project.Integration", "Project.Integration\Project.Integration.csproj", "{B2639EAC-FB37-4E6A-A2BF-6C4E7469DF6C}"
	ProjectSection(ProjectDependencies) = postProject
		{DDB3103D-D5F5-47D6-99B3-0BD5CD89FD52} = {DDB3103D-D5F5-47D6-99B3-0BD5CD89FD52}
		{BDFF1A78-20BA-4BC5-8ACD-23E158A0A6D2} = {BDFF1A78-20BA-4BC5-8ACD-23E158A0A6D2}
		{AF8E5096-8348-41CD-AAE3-53D58E642244} = {AF8E5096-8348-41CD-AAE3-53D58E642244}
		{F6D996D7-E458-41C3-A096-4D3CC8ACCEF3} = {F6D996D7-E458-41C3-A096-4D3CC8ACCEF3}
		{CDE96FF1-683C-4AE0-870B-DEDDBA6D3EAA} = {CDE96FF1-683C-4AE0-870B-DEDDBA6D3EAA}
	EndProjectSection
EndProject
Project("{FAE04EC0-301F-11D3-BF4B-00C04F79EFBC}") = "Project.Console", "Project.Console\Project.Console.csproj", "{67C2B18A-C9F8-4923-9B64-2607F0D97C55}"
EndProject
Project("{FAE04EC0-301F-11D3-BF4B-00C04F79EFBC}") = "Project.API", "Project.API\Project.API.csproj", "{8B296F97-5A8E-4A6C-8B17-C2EAC7D7EC2F}"
EndProject
Global
	GlobalSection(SolutionConfigurationPlatforms) = preSolution
		Debug|Any CPU = Debug|Any CPU
		Release|Any CPU = Release|Any CPU
	EndGlobalSection
	GlobalSection(ProjectConfigurationPlatforms) = postSolution
		{C941D784-65C7-4004-B7F4-3EA09C93E86D}.Debug|Any CPU.ActiveCfg = Debug|Any CPU
		{C941D784-65C7-4004-B7F4-3EA09C93E86D}.Debug|Any CPU.Build.0 = Debug|Any CPU
		{C941D784-65C7-4004-B7F4-3EA09C93E86D}.Release|Any CPU.ActiveCfg = Release|Any CPU
		{C941D784-65C7-4004-B7F4-3EA09C93E86D}.Release|Any CPU.Build.0 = Release|Any CPU
		{BDFF1A78-20BA-4BC5-8ACD-23E158A0A6D2}.Debug|Any CPU.ActiveCfg = Debug|Any CPU
		{BDFF1A78-20BA-4BC5-8ACD-23E158A0A6D2}.Debug|Any CPU.Build.0 = Debug|Any CPU
		{BDFF1A78-20BA-4BC5-8ACD-23E158A0A6D2}.Release|Any CPU.ActiveCfg = Release|Any CPU
		{BDFF1A78-20BA-4BC5-8ACD-23E158A0A6D2}.Release|Any CPU.Build.0 = Release|Any CPU
		{F6D996D7-E458-41C3-A096-4D3CC8ACCEF3}.Debug|Any CPU.ActiveCfg = Debug|Any CPU
		{F6D996D7-E458-41C3-A096-4D3CC8ACCEF3}.Debug|Any CPU.Build.0 = Debug|Any CPU
		{F6D996D7-E458-41C3-A096-4D3CC8ACCEF3}.Release|Any CPU.ActiveCfg = Release|Any CPU
		{F6D996D7-E458-41C3-A096-4D3CC8ACCEF3}.Release|Any CPU.Build.0 = Release|Any CPU
		{CDE96FF1-683C-4AE0-870B-DEDDBA6D3EAA}.Debug|Any CPU.ActiveCfg = Debug|Any CPU
		{CDE96FF1-683C-4AE0-870B-DEDDBA6D3EAA}.Debug|Any CPU.Build.0 = Debug|Any CPU
		{CDE96FF1-683C-4AE0-870B-DEDDBA6D3EAA}.Release|Any CPU.ActiveCfg = Release|Any CPU
		{CDE96FF1-683C-4AE0-870B-DEDDBA6D3EAA}.Release|Any CPU.Build.0 = Release|Any CPU
		{DDB3103D-D5F5-47D6-99B3-0BD5CD89FD52}.Debug|Any CPU.ActiveCfg = Debug|Any CPU
		{DDB3103D-D5F5-47D6-99B3-0BD5CD89FD52}.Debug|Any CPU.Build.0 = Debug|Any CPU
		{DDB3103D-D5F5-47D6-99B3-0BD5CD89FD52}.Release|Any CPU.ActiveCfg = Release|Any CPU
		{DDB3103D-D5F5-47D6-99B3-0BD5CD89FD52}.Release|Any CPU.Build.0 = Release|Any CPU
		{AF8E5096-8348-41CD-AAE3-53D58E642244}.Debug|Any CPU.ActiveCfg = Debug|Any CPU
		{AF8E5096-8348-41CD-AAE3-53D58E642244}.Debug|Any CPU.Build.0 = Debug|Any CPU
		{AF8E5096-8348-41CD-AAE3-53D58E642244}.Release|Any CPU.ActiveCfg = Release|Any CPU
		{AF8E5096-8348-41CD-AAE3-53D58E642244}.Release|Any CPU.Build.0 = Release|Any CPU
		{B2639EAC-FB37-4E6A-A2BF-6C4E7469DF6C}.Debug|Any CPU.ActiveCfg = Debug|Any CPU
		{B2639EAC-FB37-4E6A-A2BF-6C4E7469DF6C}.Debug|Any CPU.Build.0 = Debug|Any CPU
		{B2639EAC-FB37-4E6A-A2BF-6C4E7469DF6C}.Release|Any CPU.ActiveCfg = Release|Any CPU
		{B2639EAC-FB37-4E6A-A2BF-6C4E7469DF6C}.Release|Any CPU.Build.0 = Release|Any CPU
		{67C2B18A-C9F8-4923-9B64-2607F0D97C55}.Debug|Any CPU.ActiveCfg = Debug|Any CPU
		{67C2B18A-C9F8-4923-9B64-2607F0D97C55}.Debug|Any CPU.Build.0 = Debug|Any CPU
		{67C2B18A-C9F8-4923-9B64-2607F0D97C55}.Release|Any CPU.ActiveCfg = Release|Any CPU
		{67C2B18A-C9F8-4923-9B64-2607F0D97C55}.Release|Any CPU.Build.0 = Release|Any CPU
		{8B296F97-5A8E-4A6C-8B17-C2EAC7D7EC2F}.Debug|Any CPU.ActiveCfg = Debug|Any CPU
		{8B296F97-5A8E-4A6C-8B17-C2EAC7D7EC2F}.Debug|Any CPU.Build.0 = Debug|Any CPU
		{8B296F97-5A8E-4A6C-8B17-C2EAC7D7EC2F}.Release|Any CPU.ActiveCfg = Release|Any CPU
		{8B296F97-5A8E-4A6C-8B17-C2EAC7D7EC2F}.Release|Any CPU.Build.0 = Release|Any CPU
	EndGlobalSection
	GlobalSection(SolutionProperties) = preSolution
		HideSolutionNode = FALSE
	EndGlobalSection
	GlobalSection(ExtensibilityGlobals) = postSolution
		SolutionGuid = {5821B456-FEEE-436F-991B-D1904B1C2D0F}
	EndGlobalSection
EndGlobal
